
Microsoft Visual Studio Solution File, Format Version 12.00
# Visual Studio 15
VisualStudioVersion = 15.0.28010.2003
MinimumVisualStudioVersion = 10.0.40219.1
Project("{9A19103F-16F7-4668-BE54-9A1E7A4F7556}") = "SIS.WebServer", "SIS.WebServer\SIS.WebServer.csproj", "{9069BFBB-817C-4FA4-A980-E20E9DD7A469}"
EndProject
Project("{9A19103F-16F7-4668-BE54-9A1E7A4F7556}") = "SIS.HTTP", "SIS.HTTP\SIS.HTTP.csproj", "{9C8ADFD1-16AE-4365-A160-A1C6091A0509}"
EndProject
Project("{9A19103F-16F7-4668-BE54-9A1E7A4F7556}") = "SIS.Framework", "SIS.Framework\SIS.Framework.csproj", "{035FAB55-6E4D-4C26-AB35-DBB6332CBE58}"
EndProject
Project("{2150E333-8FDC-42A3-9474-1A3956D46DE8}") = "Apps", "Apps", "{2010CD02-CEBA-4C99-A411-9F654D30539C}"
EndProject
Project("{FAE04EC0-301F-11D3-BF4B-00C04F79EFBC}") = "MUSAKA.App", "MUSAKA.App\MUSAKA.App.csproj", "{17D4260C-C9BC-4F11-8791-AD8B8CA12395}"
EndProject
Project("{FAE04EC0-301F-11D3-BF4B-00C04F79EFBC}") = "MUSAKA.Common", "MUSAKA.Common\MUSAKA.Common.csproj", "{9770E716-B6F7-4DD7-87B8-7D65664DA9D7}"
EndProject
Project("{FAE04EC0-301F-11D3-BF4B-00C04F79EFBC}") = "MUSAKA.Data", "MUSAKA.Data\MUSAKA.Data.csproj", "{15A51AD6-E31E-4D97-BA16-D54068C9EC00}"
EndProject
Project("{FAE04EC0-301F-11D3-BF4B-00C04F79EFBC}") = "MUSAKA.Domain", "MUSAKA.Domain\MUSAKA.Domain.csproj", "{22927CEF-AC54-49DD-B1B3-C05C593885AE}"
EndProject
Project("{FAE04EC0-301F-11D3-BF4B-00C04F79EFBC}") = "MUSAKA.Services", "MUSAKA.Services\MUSAKA.Services.csproj", "{684DDBBE-084D-4B97-BE8F-408F688FFA1F}"
EndProject
Global
	GlobalSection(SolutionConfigurationPlatforms) = preSolution
		Debug|Any CPU = Debug|Any CPU
		Release|Any CPU = Release|Any CPU
	EndGlobalSection
	GlobalSection(ProjectConfigurationPlatforms) = postSolution
		{9069BFBB-817C-4FA4-A980-E20E9DD7A469}.Debug|Any CPU.ActiveCfg = Debug|Any CPU
		{9069BFBB-817C-4FA4-A980-E20E9DD7A469}.Debug|Any CPU.Build.0 = Debug|Any CPU
		{9069BFBB-817C-4FA4-A980-E20E9DD7A469}.Release|Any CPU.ActiveCfg = Release|Any CPU
		{9069BFBB-817C-4FA4-A980-E20E9DD7A469}.Release|Any CPU.Build.0 = Release|Any CPU
		{9C8ADFD1-16AE-4365-A160-A1C6091A0509}.Debug|Any CPU.ActiveCfg = Debug|Any CPU
		{9C8ADFD1-16AE-4365-A160-A1C6091A0509}.Debug|Any CPU.Build.0 = Debug|Any CPU
		{9C8ADFD1-16AE-4365-A160-A1C6091A0509}.Release|Any CPU.ActiveCfg = Release|Any CPU
		{9C8ADFD1-16AE-4365-A160-A1C6091A0509}.Release|Any CPU.Build.0 = Release|Any CPU
		{035FAB55-6E4D-4C26-AB35-DBB6332CBE58}.Debug|Any CPU.ActiveCfg = Debug|Any CPU
		{035FAB55-6E4D-4C26-AB35-DBB6332CBE58}.Debug|Any CPU.Build.0 = Debug|Any CPU
		{035FAB55-6E4D-4C26-AB35-DBB6332CBE58}.Release|Any CPU.ActiveCfg = Release|Any CPU
		{035FAB55-6E4D-4C26-AB35-DBB6332CBE58}.Release|Any CPU.Build.0 = Release|Any CPU
		{17D4260C-C9BC-4F11-8791-AD8B8CA12395}.Debug|Any CPU.ActiveCfg = Debug|Any CPU
		{17D4260C-C9BC-4F11-8791-AD8B8CA12395}.Debug|Any CPU.Build.0 = Debug|Any CPU
		{17D4260C-C9BC-4F11-8791-AD8B8CA12395}.Release|Any CPU.ActiveCfg = Release|Any CPU
		{17D4260C-C9BC-4F11-8791-AD8B8CA12395}.Release|Any CPU.Build.0 = Release|Any CPU
		{9770E716-B6F7-4DD7-87B8-7D65664DA9D7}.Debug|Any CPU.ActiveCfg = Debug|Any CPU
		{9770E716-B6F7-4DD7-87B8-7D65664DA9D7}.Debug|Any CPU.Build.0 = Debug|Any CPU
		{9770E716-B6F7-4DD7-87B8-7D65664DA9D7}.Release|Any CPU.ActiveCfg = Release|Any CPU
		{9770E716-B6F7-4DD7-87B8-7D65664DA9D7}.Release|Any CPU.Build.0 = Release|Any CPU
		{15A51AD6-E31E-4D97-BA16-D54068C9EC00}.Debug|Any CPU.ActiveCfg = Debug|Any CPU
		{15A51AD6-E31E-4D97-BA16-D54068C9EC00}.Debug|Any CPU.Build.0 = Debug|Any CPU
		{15A51AD6-E31E-4D97-BA16-D54068C9EC00}.Release|Any CPU.ActiveCfg = Release|Any CPU
		{15A51AD6-E31E-4D97-BA16-D54068C9EC00}.Release|Any CPU.Build.0 = Release|Any CPU
		{22927CEF-AC54-49DD-B1B3-C05C593885AE}.Debug|Any CPU.ActiveCfg = Debug|Any CPU
		{22927CEF-AC54-49DD-B1B3-C05C593885AE}.Debug|Any CPU.Build.0 = Debug|Any CPU
		{22927CEF-AC54-49DD-B1B3-C05C593885AE}.Release|Any CPU.ActiveCfg = Release|Any CPU
		{22927CEF-AC54-49DD-B1B3-C05C593885AE}.Release|Any CPU.Build.0 = Release|Any CPU
		{684DDBBE-084D-4B97-BE8F-408F688FFA1F}.Debug|Any CPU.ActiveCfg = Debug|Any CPU
		{684DDBBE-084D-4B97-BE8F-408F688FFA1F}.Debug|Any CPU.Build.0 = Debug|Any CPU
		{684DDBBE-084D-4B97-BE8F-408F688FFA1F}.Release|Any CPU.ActiveCfg = Release|Any CPU
		{684DDBBE-084D-4B97-BE8F-408F688FFA1F}.Release|Any CPU.Build.0 = Release|Any CPU
	EndGlobalSection
	GlobalSection(SolutionProperties) = preSolution
		HideSolutionNode = FALSE
	EndGlobalSection
	GlobalSection(NestedProjects) = preSolution
		{17D4260C-C9BC-4F11-8791-AD8B8CA12395} = {2010CD02-CEBA-4C99-A411-9F654D30539C}
		{9770E716-B6F7-4DD7-87B8-7D65664DA9D7} = {2010CD02-CEBA-4C99-A411-9F654D30539C}
		{15A51AD6-E31E-4D97-BA16-D54068C9EC00} = {2010CD02-CEBA-4C99-A411-9F654D30539C}
		{22927CEF-AC54-49DD-B1B3-C05C593885AE} = {2010CD02-CEBA-4C99-A411-9F654D30539C}
		{684DDBBE-084D-4B97-BE8F-408F688FFA1F} = {2010CD02-CEBA-4C99-A411-9F654D30539C}
	EndGlobalSection
	GlobalSection(ExtensibilityGlobals) = postSolution
		SolutionGuid = {7DDABD09-DCFC-4DD2-996C-EDD241D1D1F0}
	EndGlobalSection
EndGlobal
